
Microsoft Visual Studio Solution File, Format Version 12.00
# Visual Studio Version 17
VisualStudioVersion = 17.0.31903.59
MinimumVisualStudioVersion = 10.0.40219.1
Project("{FAE04EC0-301F-11D3-BF4B-00C04F79EFBC}") = "ExemploFundamentos", "ExemploFundamentos/ExemploFundamentos.csproj", "{C5A41134-334A-43F6-ADF0-3E1CFA8DE26D}"
EndProject
Project("{FAE04EC0-301F-11D3-BF4B-00C04F79EFBC}") = "ExemploFundamentos.Common", "ExemploFundamentos.Common\ExemploFundamentos.Common.csproj", "{B93E6201-0EBF-4DF6-B8FC-0CDDF3AC9BB9}"
EndProject
Global
	GlobalSection(SolutionConfigurationPlatforms) = preSolution
		Debug|Any CPU = Debug|Any CPU
		Release|Any CPU = Release|Any CPU
	EndGlobalSection
	GlobalSection(SolutionProperties) = preSolution
		HideSolutionNode = FALSE
	EndGlobalSection
	GlobalSection(ProjectConfigurationPlatforms) = postSolution
		{C5A41134-334A-43F6-ADF0-3E1CFA8DE26D}.Debug|Any CPU.ActiveCfg = Debug|Any CPU
		{C5A41134-334A-43F6-ADF0-3E1CFA8DE26D}.Debug|Any CPU.Build.0 = Debug|Any CPU
		{C5A41134-334A-43F6-ADF0-3E1CFA8DE26D}.Release|Any CPU.ActiveCfg = Release|Any CPU
		{C5A41134-334A-43F6-ADF0-3E1CFA8DE26D}.Release|Any CPU.Build.0 = Release|Any CPU
		{B93E6201-0EBF-4DF6-B8FC-0CDDF3AC9BB9}.Debug|Any CPU.ActiveCfg = Debug|Any CPU
		{B93E6201-0EBF-4DF6-B8FC-0CDDF3AC9BB9}.Debug|Any CPU.Build.0 = Debug|Any CPU
		{B93E6201-0EBF-4DF6-B8FC-0CDDF3AC9BB9}.Release|Any CPU.ActiveCfg = Release|Any CPU
		{B93E6201-0EBF-4DF6-B8FC-0CDDF3AC9BB9}.Release|Any CPU.Build.0 = Release|Any CPU
	EndGlobalSection
EndGlobal
